
Microsoft Visual Studio Solution File, Format Version 12.00
# Visual Studio 2013
VisualStudioVersion = 12.0.30723.0
MinimumVisualStudioVersion = 10.0.40219.1
Project("{FAE04EC0-301F-11D3-BF4B-00C04F79EFBC}") = "CarroDeCompras", "CarroDeCompras\CarroDeCompras.csproj", "{104CECE9-FBF4-4E80-B86E-FBE6739A5C49}"
EndProject
Project("{FAE04EC0-301F-11D3-BF4B-00C04F79EFBC}") = "Asp_EnlaceBD", "Asp_EnlaceBD\Asp_EnlaceBD.csproj", "{90B4B232-9D80-455A-B267-0EF7A444413B}"
EndProject
Project("{FAE04EC0-301F-11D3-BF4B-00C04F79EFBC}") = "ConexionBD con Interface", "ConexionBD con Interface\ConexionBD con Interface.csproj", "{185A241D-D20B-4050-8F85-BA4079A72293}"
	ProjectSection(ProjectDependencies) = postProject
		{D3A73CB1-BF68-41D0-B8EE-62DE038517BB} = {D3A73CB1-BF68-41D0-B8EE-62DE038517BB}
	EndProjectSection
EndProject
Project("{FAE04EC0-301F-11D3-BF4B-00C04F79EFBC}") = "Simple_WebService", "Simple_WebService\Simple_WebService.csproj", "{D3A73CB1-BF68-41D0-B8EE-62DE038517BB}"
EndProject
Project("{FAE04EC0-301F-11D3-BF4B-00C04F79EFBC}") = "winForm_llamandoalWebServiceSimple", "winForm_llamandoalWebServiceSimple\winForm_llamandoalWebServiceSimple.csproj", "{1DE185BE-3723-4BB7-ACF7-48BE62945266}"
	ProjectSection(ProjectDependencies) = postProject
		{D3A73CB1-BF68-41D0-B8EE-62DE038517BB} = {D3A73CB1-BF68-41D0-B8EE-62DE038517BB}
	EndProjectSection
EndProject
Project("{FAE04EC0-301F-11D3-BF4B-00C04F79EFBC}") = "CombosAnidadosWinFormyAsp", "CombosAnidadosWinFormyAsp\CombosAnidadosWinFormyAsp.csproj", "{032C8B6A-83D3-46EA-BB6B-051991B796D1}"
EndProject
Global
	GlobalSection(SolutionConfigurationPlatforms) = preSolution
		Debug|Any CPU = Debug|Any CPU
		Debug|Mixed Platforms = Debug|Mixed Platforms
		Debug|x86 = Debug|x86
		Release|Any CPU = Release|Any CPU
		Release|Mixed Platforms = Release|Mixed Platforms
		Release|x86 = Release|x86
	EndGlobalSection
	GlobalSection(ProjectConfigurationPlatforms) = postSolution
		{104CECE9-FBF4-4E80-B86E-FBE6739A5C49}.Debug|Any CPU.ActiveCfg = Debug|x86
		{104CECE9-FBF4-4E80-B86E-FBE6739A5C49}.Debug|Mixed Platforms.ActiveCfg = Debug|x86
		{104CECE9-FBF4-4E80-B86E-FBE6739A5C49}.Debug|Mixed Platforms.Build.0 = Debug|x86
		{104CECE9-FBF4-4E80-B86E-FBE6739A5C49}.Debug|x86.ActiveCfg = Debug|x86
		{104CECE9-FBF4-4E80-B86E-FBE6739A5C49}.Debug|x86.Build.0 = Debug|x86
		{104CECE9-FBF4-4E80-B86E-FBE6739A5C49}.Release|Any CPU.ActiveCfg = Release|x86
		{104CECE9-FBF4-4E80-B86E-FBE6739A5C49}.Release|Mixed Platforms.ActiveCfg = Release|x86
		{104CECE9-FBF4-4E80-B86E-FBE6739A5C49}.Release|Mixed Platforms.Build.0 = Release|x86
		{104CECE9-FBF4-4E80-B86E-FBE6739A5C49}.Release|x86.ActiveCfg = Release|x86
		{104CECE9-FBF4-4E80-B86E-FBE6739A5C49}.Release|x86.Build.0 = Release|x86
		{90B4B232-9D80-455A-B267-0EF7A444413B}.Debug|Any CPU.ActiveCfg = Debug|Any CPU
		{90B4B232-9D80-455A-B267-0EF7A444413B}.Debug|Any CPU.Build.0 = Debug|Any CPU
		{90B4B232-9D80-455A-B267-0EF7A444413B}.Debug|Mixed Platforms.ActiveCfg = Debug|Any CPU
		{90B4B232-9D80-455A-B267-0EF7A444413B}.Debug|Mixed Platforms.Build.0 = Debug|Any CPU
		{90B4B232-9D80-455A-B267-0EF7A444413B}.Debug|x86.ActiveCfg = Debug|Any CPU
		{90B4B232-9D80-455A-B267-0EF7A444413B}.Release|Any CPU.ActiveCfg = Release|Any CPU
		{90B4B232-9D80-455A-B267-0EF7A444413B}.Release|Any CPU.Build.0 = Release|Any CPU
		{90B4B232-9D80-455A-B267-0EF7A444413B}.Release|Mixed Platforms.ActiveCfg = Release|Any CPU
		{90B4B232-9D80-455A-B267-0EF7A444413B}.Release|Mixed Platforms.Build.0 = Release|Any CPU
		{90B4B232-9D80-455A-B267-0EF7A444413B}.Release|x86.ActiveCfg = Release|Any CPU
		{185A241D-D20B-4050-8F85-BA4079A72293}.Debug|Any CPU.ActiveCfg = Debug|x86
		{185A241D-D20B-4050-8F85-BA4079A72293}.Debug|Mixed Platforms.ActiveCfg = Debug|x86
		{185A241D-D20B-4050-8F85-BA4079A72293}.Debug|Mixed Platforms.Build.0 = Debug|x86
		{185A241D-D20B-4050-8F85-BA4079A72293}.Debug|x86.ActiveCfg = Debug|x86
		{185A241D-D20B-4050-8F85-BA4079A72293}.Debug|x86.Build.0 = Debug|x86
		{185A241D-D20B-4050-8F85-BA4079A72293}.Release|Any CPU.ActiveCfg = Release|x86
		{185A241D-D20B-4050-8F85-BA4079A72293}.Release|Mixed Platforms.ActiveCfg = Release|x86
		{185A241D-D20B-4050-8F85-BA4079A72293}.Release|Mixed Platforms.Build.0 = Release|x86
		{185A241D-D20B-4050-8F85-BA4079A72293}.Release|x86.ActiveCfg = Release|x86
		{185A241D-D20B-4050-8F85-BA4079A72293}.Release|x86.Build.0 = Release|x86
		{D3A73CB1-BF68-41D0-B8EE-62DE038517BB}.Debug|Any CPU.ActiveCfg = Debug|Any CPU
		{D3A73CB1-BF68-41D0-B8EE-62DE038517BB}.Debug|Any CPU.Build.0 = Debug|Any CPU
		{D3A73CB1-BF68-41D0-B8EE-62DE038517BB}.Debug|Mixed Platforms.ActiveCfg = Debug|Any CPU
		{D3A73CB1-BF68-41D0-B8EE-62DE038517BB}.Debug|Mixed Platforms.Build.0 = Debug|Any CPU
		{D3A73CB1-BF68-41D0-B8EE-62DE038517BB}.Debug|x86.ActiveCfg = Debug|Any CPU
		{D3A73CB1-BF68-41D0-B8EE-62DE038517BB}.Release|Any CPU.ActiveCfg = Release|Any CPU
		{D3A73CB1-BF68-41D0-B8EE-62DE038517BB}.Release|Any CPU.Build.0 = Release|Any CPU
		{D3A73CB1-BF68-41D0-B8EE-62DE038517BB}.Release|Mixed Platforms.ActiveCfg = Release|Any CPU
		{D3A73CB1-BF68-41D0-B8EE-62DE038517BB}.Release|Mixed Platforms.Build.0 = Release|Any CPU
		{D3A73CB1-BF68-41D0-B8EE-62DE038517BB}.Release|x86.ActiveCfg = Release|Any CPU
		{1DE185BE-3723-4BB7-ACF7-48BE62945266}.Debug|Any CPU.ActiveCfg = Debug|x86
		{1DE185BE-3723-4BB7-ACF7-48BE62945266}.Debug|Mixed Platforms.ActiveCfg = Debug|x86
		{1DE185BE-3723-4BB7-ACF7-48BE62945266}.Debug|Mixed Platforms.Build.0 = Debug|x86
		{1DE185BE-3723-4BB7-ACF7-48BE62945266}.Debug|x86.ActiveCfg = Debug|x86
		{1DE185BE-3723-4BB7-ACF7-48BE62945266}.Debug|x86.Build.0 = Debug|x86
		{1DE185BE-3723-4BB7-ACF7-48BE62945266}.Release|Any CPU.ActiveCfg = Release|x86
		{1DE185BE-3723-4BB7-ACF7-48BE62945266}.Release|Mixed Platforms.ActiveCfg = Release|x86
		{1DE185BE-3723-4BB7-ACF7-48BE62945266}.Release|Mixed Platforms.Build.0 = Release|x86
		{1DE185BE-3723-4BB7-ACF7-48BE62945266}.Release|x86.ActiveCfg = Release|x86
		{1DE185BE-3723-4BB7-ACF7-48BE62945266}.Release|x86.Build.0 = Release|x86
		{032C8B6A-83D3-46EA-BB6B-051991B796D1}.Debug|Any CPU.ActiveCfg = Debug|x86
		{032C8B6A-83D3-46EA-BB6B-051991B796D1}.Debug|Mixed Platforms.ActiveCfg = Debug|x86
		{032C8B6A-83D3-46EA-BB6B-051991B796D1}.Debug|Mixed Platforms.Build.0 = Debug|x86
		{032C8B6A-83D3-46EA-BB6B-051991B796D1}.Debug|x86.ActiveCfg = Debug|x86
		{032C8B6A-83D3-46EA-BB6B-051991B796D1}.Debug|x86.Build.0 = Debug|x86
		{032C8B6A-83D3-46EA-BB6B-051991B796D1}.Release|Any CPU.ActiveCfg = Release|x86
		{032C8B6A-83D3-46EA-BB6B-051991B796D1}.Release|Mixed Platforms.ActiveCfg = Release|x86
		{032C8B6A-83D3-46EA-BB6B-051991B796D1}.Release|Mixed Platforms.Build.0 = Release|x86
		{032C8B6A-83D3-46EA-BB6B-051991B796D1}.Release|x86.ActiveCfg = Release|x86
		{032C8B6A-83D3-46EA-BB6B-051991B796D1}.Release|x86.Build.0 = Release|x86
	EndGlobalSection
	GlobalSection(SolutionProperties) = preSolution
		HideSolutionNode = FALSE
	EndGlobalSection
EndGlobal
